# THIS IS AN AUTOGENERATED FILE. DO NOT EDIT THIS FILE DIRECTLY.
# yarn lockfile v1


js-base64@^2.1.9:
  version "2.1.9"
  resolved "https://registry.yarnpkg.com/js-base64/-/js-base64-2.1.9.tgz#f0e80ae039a4bd654b5f281fc93f04a914a7fcce"

monaco-editor@^0.7.0:
  version "0.7.0"
  resolved "https://registry.yarnpkg.com/monaco-editor/-/monaco-editor-0.7.0.tgz#db4ae9f9eeb8f419c7922c14e1dcdbfe33c925c4"

normalize.css@^5.0.0:
  version "5.0.0"
  resolved "https://registry.yarnpkg.com/normalize.css/-/normalize.css-5.0.0.tgz#7cec875ce8178a5333c4de80b68ea9c18b9d7c37"
